
Microsoft Visual Studio Solution File, Format Version 12.00
# Visual Studio Version 17
VisualStudioVersion = 17.2.32630.192
MinimumVisualStudioVersion = 10.0.40219.1
Project("{FAE04EC0-301F-11D3-BF4B-00C04F79EFBC}") = "hiresopt", "hiresopt.csproj", "{0A050E14-16D1-46E6-A701-0B27AC95AAEE}"
EndProject
Global
	GlobalSection(SolutionConfigurationPlatforms) = preSolution
		Debug|Any CPU = Debug|Any CPU
		Release|Any CPU = Release|Any CPU
	EndGlobalSection
	GlobalSection(ProjectConfigurationPlatforms) = postSolution
		{0A050E14-16D1-46E6-A701-0B27AC95AAEE}.Debug|Any CPU.ActiveCfg = Debug|Any CPU
		{0A050E14-16D1-46E6-A701-0B27AC95AAEE}.Debug|Any CPU.Build.0 = Debug|Any CPU
		{0A050E14-16D1-46E6-A701-0B27AC95AAEE}.Release|Any CPU.ActiveCfg = Release|Any CPU
		{0A050E14-16D1-46E6-A701-0B27AC95AAEE}.Release|Any CPU.Build.0 = Release|Any CPU
	EndGlobalSection
	GlobalSection(SolutionProperties) = preSolution
		HideSolutionNode = FALSE
	EndGlobalSection
	GlobalSection(ExtensibilityGlobals) = postSolution
		SolutionGuid = {EF844857-48ED-47C1-9EA9-2DA45D85A6A0}
	EndGlobalSection
EndGlobal
